{
  "lockfileVersion": 1,
  "configVersion": 0,
  "workspaces": {
    "": {
      "name": "standalone-ast-lsp-tools",
      "dependencies": {
        "@opencode-ai/plugin": "^1.4.0",
        "vscode-jsonrpc": "^8.2.0",
      },
      "devDependencies": {
        "bun-types": "1.3.11",
        "typescript": "^6.0.3",
        "typescript-language-server": "^5.1.3",
        "vscode-langservers-extracted": "^4.10.0",
      },
    },
  },
  "packages": {
    "@msgpackr-extract/msgpackr-extract-darwin-arm64": ["@msgpackr-extract/msgpackr-extract-darwin-arm64@3.0.3", "https://bnpm.byted.org/@msgpackr-extract/msgpackr-extract-darwin-arm64/-/msgpackr-extract-darwin-arm64-3.0.3.tgz#9edec61b22c3082018a79f6d1c30289ddf3d9d11", { "os": "darwin", "cpu": "arm64" }, "sha512-QZHtlVgbAdy2zAqNA9Gu1UpIuI8Xvsd1v8ic6B2pZmeFnFcMWiPLfWXh7TVw4eGEZ/C9TH281KwhVoeQUKbyjw=="],

    "@msgpackr-extract/msgpackr-extract-darwin-x64": ["@msgpackr-extract/msgpackr-extract-darwin-x64@3.0.3", "https://bnpm.byted.org/@msgpackr-extract/msgpackr-extract-darwin-x64/-/msgpackr-extract-darwin-x64-3.0.3.tgz#33677a275204898ad8acbf62734fc4dc0b6a4855", { "os": "darwin", "cpu": "x64" }, "sha512-mdzd3AVzYKuUmiWOQ8GNhl64/IoFGol569zNRdkLReh6LRLHOXxU4U8eq0JwaD8iFHdVGqSy4IjFL4reoWCDFw=="],

    "@msgpackr-extract/msgpackr-extract-linux-arm": ["@msgpackr-extract/msgpackr-extract-linux-arm@3.0.3", "https://bnpm.byted.org/@msgpackr-extract/msgpackr-extract-linux-arm/-/msgpackr-extract-linux-arm-3.0.3.tgz#94fb0543ba2e28766c3fc439cabbe0440ae70159", { "os": "linux", "cpu": "arm" }, "sha512-fg0uy/dG/nZEXfYilKoRe7yALaNmHoYeIoJuJ7KJ+YyU2bvY8vPv27f7UKhGRpY6euFYqEVhxCFZgAUNQBM3nw=="],

    "@msgpackr-extract/msgpackr-extract-linux-arm64": ["@msgpackr-extract/msgpackr-extract-linux-arm64@3.0.3", "https://bnpm.byted.org/@msgpackr-extract/msgpackr-extract-linux-arm64/-/msgpackr-extract-linux-arm64-3.0.3.tgz#19edf7cdc2e7063ee328403c1d895a86dd28f4bb", { "os": "linux", "cpu": "arm64" }, "sha512-YxQL+ax0XqBJDZiKimS2XQaf+2wDGVa1enVRGzEvLLVFeqa5kx2bWbtcSXgsxjQB7nRqqIGFIcLteF/sHeVtQg=="],

    "@msgpackr-extract/msgpackr-extract-linux-x64": ["@msgpackr-extract/msgpackr-extract-linux-x64@3.0.3", "https://bnpm.byted.org/@msgpackr-extract/msgpackr-extract-linux-x64/-/msgpackr-extract-linux-x64-3.0.3.tgz#4a0609ab5fe44d07c9c60a11e4484d3c38bbd6e3", { "os": "linux", "cpu": "x64" }, "sha512-cvwNfbP07pKUfq1uH+S6KJ7dT9K8WOE4ZiAcsrSes+UY55E/0jLYc+vq+DO7jlmqRb5zAggExKm0H7O/CBaesg=="],

    "@msgpackr-extract/msgpackr-extract-win32-x64": ["@msgpackr-extract/msgpackr-extract-win32-x64@3.0.3", "https://bnpm.byted.org/@msgpackr-extract/msgpackr-extract-win32-x64/-/msgpackr-extract-win32-x64-3.0.3.tgz#0aa5502d547b57abfc4ac492de68e2006e417242", { "os": "win32", "cpu": "x64" }, "sha512-x0fWaQtYp4E6sktbsdAqnehxDgEc/VwM7uLsRCYWaiGu0ykYdZPiS8zCWdnjHwyiumousxfBm4SO31eXqwEZhQ=="],

    "@opencode-ai/plugin": ["@opencode-ai/plugin@1.14.19", "https://bnpm.byted.org/@opencode-ai/plugin/-/plugin-1.14.19.tgz#0c9f46ef25487eeb3c999d63933e7fe9b447483d", { "dependencies": { "@opencode-ai/sdk": "1.14.19", "effect": "4.0.0-beta.48", "zod": "4.1.8" } }, "sha512-g0C8Viocybmet7nBqJK/1xrQnacRS1f30VmqRTPScPmWz+4knIZzc2TEQp8+920sN8rB6BuoGwfBUVRXJmavhQ=="],

    "@opencode-ai/sdk": ["@opencode-ai/sdk@1.14.19", "https://bnpm.byted.org/@opencode-ai/sdk/-/sdk-1.14.19.tgz#c88eed20adca48419562bf1dbb1a637474387046", { "dependencies": { "cross-spawn": "7.0.6" } }, "sha512-9sTGsi8/HlBBeaWfsUjdJ2yi/SqpRvqSld0IFXc3ldaPb1w1uIPvgCGzhlHYQtqatXxSaX5lTN7zpudMaE21aw=="],

    "@standard-schema/spec": ["@standard-schema/spec@1.1.0", "https://bnpm.byted.org/@standard-schema/spec/-/spec-1.1.0.tgz#a79b55dbaf8604812f52d140b2c9ab41bc150bb8", {}, "sha512-l2aFy5jALhniG5HgqrD6jXLi/rUWrKvqN/qJx6yoJsgKhblVd+iqqU4RCXavm/jPityDo5TCvKMnpjKnOriy0w=="],

    "@types/node": ["@types/node@25.6.0", "https://bnpm.byted.org/@types/node/-/node-25.6.0.tgz#4e09bad9b469871f2d0f68140198cbd714f4edca", { "dependencies": { "undici-types": "~7.19.0" } }, "sha512-+qIYRKdNYJwY3vRCZMdJbPLJAtGjQBudzZzdzwQYkEPQd+PJGixUL5QfvCLDaULoLv+RhT3LDkwEfKaAkgSmNQ=="],

    "@vscode/l10n": ["@vscode/l10n@0.0.18", "https://bnpm.byted.org/@vscode/l10n/-/l10n-0.0.18.tgz", {}, "sha512-KYSIHVmslkaCDyw013pphY+d7x1qV8IZupYfeIfzNA+nsaWHbn5uPuQRvdRFsa9zFzGeudPuoGoZ1Op4jrJXIQ=="],

    "boolbase": ["boolbase@1.0.0", "https://bnpm.byted.org/boolbase/-/boolbase-1.0.0.tgz", {}, "sha512-JZOSA7Mo9sNGB8+UjSgzdLtokWAky1zbztM3WRLCbZ70/3cTANmQmOdR7y2g+J0e2WXywy1yS468tY+IruqEww=="],

    "bun-types": ["bun-types@1.3.11", "https://bnpm.byted.org/bun-types/-/bun-types-1.3.11.tgz#5f71045a160ef6e04b51d20ec94c8096279b7d17", { "dependencies": { "@types/node": "*" } }, "sha512-1KGPpoxQWl9f6wcZh57LvrPIInQMn2TQ7jsgxqpRzg+l0QPOFvJVH7HmvHo/AiPgwXy+/Thf6Ov3EdVn1vOabg=="],

    "core-js": ["core-js@3.49.0", "https://bnpm.byted.org/core-js/-/core-js-3.49.0.tgz", {}, "sha512-es1U2+YTtzpwkxVLwAFdSpaIMyQaq0PBgm3YD1W3Qpsn1NAmO3KSgZfu+oGSWVu6NvLHoHCV/aYcsE5wiB7ALg=="],

    "cross-spawn": ["cross-spawn@7.0.6", "https://bnpm.byted.org/cross-spawn/-/cross-spawn-7.0.6.tgz#8a58fe78f00dcd70c370451759dfbfaf03e8ee9f", { "dependencies": { "path-key": "^3.1.0", "shebang-command": "^2.0.0", "which": "^2.0.1" } }, "sha512-uV2QOWP2nWzsy2aMp8aRibhi9dlzF5Hgh5SHaB9OiTGEyDTiJJyx0uy51QXdyWbtAHNua4XJzUKca3OzKUd3vA=="],

    "css-select": ["css-select@5.2.2", "https://bnpm.byted.org/css-select/-/css-select-5.2.2.tgz", { "dependencies": { "boolbase": "^1.0.0", "css-what": "^6.1.0", "domhandler": "^5.0.2", "domutils": "^3.0.1", "nth-check": "^2.0.1" } }, "sha512-TizTzUddG/xYLA3NXodFM0fSbNizXjOKhqiQQwvhlspadZokn1KDy0NZFS0wuEubIYAV5/c1/lAr0TaaFXEXzw=="],

    "css-what": ["css-what@6.2.2", "https://bnpm.byted.org/css-what/-/css-what-6.2.2.tgz", {}, "sha512-u/O3vwbptzhMs3L1fQE82ZSLHQQfto5gyZzwteVIEyeaY5Fc7R4dapF/BvRoSYFeqfBk4m0V1Vafq5Pjv25wvA=="],

    "detect-libc": ["detect-libc@2.1.2", "https://bnpm.byted.org/detect-libc/-/detect-libc-2.1.2.tgz#689c5dcdc1900ef5583a4cb9f6d7b473742074ad", {}, "sha512-Btj2BOOO83o3WyH59e8MgXsxEQVcarkUOpEYrubB0urwnN10yQ364rsiByU11nZlqWYZm05i/of7io4mzihBtQ=="],

    "dom-serializer": ["dom-serializer@2.0.0", "https://bnpm.byted.org/dom-serializer/-/dom-serializer-2.0.0.tgz", { "dependencies": { "domelementtype": "^2.3.0", "domhandler": "^5.0.2", "entities": "^4.2.0" } }, "sha512-wIkAryiqt/nV5EQKqQpo3SToSOV9J0DnbJqwK7Wv/Trc92zIAYZ4FlMu+JPFW1DfGFt81ZTCGgDEabffXeLyJg=="],

    "domelementtype": ["domelementtype@2.3.0", "https://bnpm.byted.org/domelementtype/-/domelementtype-2.3.0.tgz", {}, "sha512-OLETBj6w0OsagBwdXnPdN0cnMfF9opN69co+7ZrbfPGrdpPVNBUj02spi6B1N7wChLQiPn4CSH/zJvXw56gmHw=="],

    "domhandler": ["domhandler@5.0.3", "https://bnpm.byted.org/domhandler/-/domhandler-5.0.3.tgz", { "dependencies": { "domelementtype": "^2.3.0" } }, "sha512-cgwlv/1iFQiFnU96XXgROh8xTeetsnJiDsTc7TYCLFd9+/WNkIqPTxiM/8pSd8VIrhXGTf1Ny1q1hquVqDJB5w=="],

    "domutils": ["domutils@3.2.2", "https://bnpm.byted.org/domutils/-/domutils-3.2.2.tgz", { "dependencies": { "dom-serializer": "^2.0.0", "domelementtype": "^2.3.0", "domhandler": "^5.0.3" } }, "sha512-6kZKyUajlDuqlHKVX1w7gyslj9MPIXzIFiz/rGu35uC1wMi+kMhQwGhl4lt9unC9Vb9INnY9Z3/ZA3+FhASLaw=="],

    "effect": ["effect@4.0.0-beta.48", "https://bnpm.byted.org/effect/-/effect-4.0.0-beta.48.tgz#1d5230d91375db320e69406e30e09bc3db4499b8", { "dependencies": { "@standard-schema/spec": "^1.1.0", "fast-check": "^4.6.0", "find-my-way-ts": "^0.1.6", "ini": "^6.0.0", "kubernetes-types": "^1.30.0", "msgpackr": "^1.11.9", "multipasta": "^0.2.7", "toml": "^4.1.1", "uuid": "^13.0.0", "yaml": "^2.8.3" } }, "sha512-MMAM/ZabuNdNmgXiin+BAanQXK7qM8mlt7nfXDoJ/Gn9V8i89JlCq+2N0AiWmqFLXjGLA0u3FjiOjSOYQk5uMw=="],

    "entities": ["entities@4.5.0", "https://bnpm.byted.org/entities/-/entities-4.5.0.tgz", {}, "sha512-V0hjH4dGPh9Ao5p0MoRY6BVqtwCjhz6vI5LT8AJ55H+4g9/4vbHx1I54fS0XuclLhDHArPQCiMjDxjaL8fPxhw=="],

    "fast-check": ["fast-check@4.7.0", "https://bnpm.byted.org/fast-check/-/fast-check-4.7.0.tgz#36c0051b9c968965e8970e88e63eee946fe45f8f", { "dependencies": { "pure-rand": "^8.0.0" } }, "sha512-NsZRtqvSSoCP0HbNjUD+r1JH8zqZalyp6gLY9e7OYs7NK9b6AHOs2baBFeBG7bVNsuoukh89x2Yg3rPsul8ziQ=="],

    "find-my-way-ts": ["find-my-way-ts@0.1.6", "https://bnpm.byted.org/find-my-way-ts/-/find-my-way-ts-0.1.6.tgz#37f7b8433d0f61e7fe7290772240b0c133b0ebf2", {}, "sha512-a85L9ZoXtNAey3Y6Z+eBWW658kO/MwR7zIafkIUPUMf3isZG0NCs2pjW2wtjxAKuJPxMAsHUIP4ZPGv0o5gyTA=="],

    "he": ["he@1.2.0", "https://bnpm.byted.org/he/-/he-1.2.0.tgz", { "bin": { "he": "bin/he" } }, "sha512-F/1DnUGPopORZi0ni+CvrCgHQ5FyEAHRLSApuYWMmrbSwoN2Mn/7k+Gl38gJnR7yyDZk6WLXwiGod1JOWNDKGw=="],

    "ini": ["ini@6.0.0", "https://bnpm.byted.org/ini/-/ini-6.0.0.tgz#efc7642b276f6a37d22fdf56ef50889d7146bf30", {}, "sha512-IBTdIkzZNOpqm7q3dRqJvMaldXjDHWkEDfrwGEQTs5eaQMWV+djAhR+wahyNNMAa+qpbDUhBMVt4ZKNwpPm7xQ=="],

    "isexe": ["isexe@2.0.0", "https://bnpm.byted.org/isexe/-/isexe-2.0.0.tgz#e8fbf374dc556ff8947a10dcb0572d633f2cfa10", {}, "sha512-RHxMLp9lnKHGHRng9QFhRCMbYAcVpn69smSGcq3f36xjgVVWThj4qqLbTLlq7Ssj8B+fIQ1EuCEGI2lKsyQeIw=="],

    "jsonc-parser": ["jsonc-parser@3.3.1", "https://bnpm.byted.org/jsonc-parser/-/jsonc-parser-3.3.1.tgz", {}, "sha512-HUgH65KyejrUFPvHFPbqOY0rsFip3Bo5wb4ngvdi1EpCYWUQDC5V+Y7mZws+DLkr4M//zQJoanu1SP+87Dv1oQ=="],

    "kubernetes-types": ["kubernetes-types@1.30.0", "https://bnpm.byted.org/kubernetes-types/-/kubernetes-types-1.30.0.tgz#f686cacb08ffc5f7e89254899c2153c723420116", {}, "sha512-Dew1okvhM/SQcIa2rcgujNndZwU8VnSapDgdxlYoB84ZlpAD43U6KLAFqYo17ykSFGHNPrg0qry0bP+GJd9v7Q=="],

    "msgpackr": ["msgpackr@1.11.10", "https://bnpm.byted.org/msgpackr/-/msgpackr-1.11.10.tgz#393d821ed34433d419b2e66826bfa1b7a33b39ef", { "optionalDependencies": { "msgpackr-extract": "^3.0.2" } }, "sha512-iCZNq+HszvF+fC3anCm4nBmWEnbeIAfpDs6IStAEKhQ2YSgkjzVG2FF9XJqwwQh5bH3N9OUTUt4QwVN6MLMLtA=="],

    "msgpackr-extract": ["msgpackr-extract@3.0.3", "https://bnpm.byted.org/msgpackr-extract/-/msgpackr-extract-3.0.3.tgz#e9d87023de39ce714872f9e9504e3c1996d61012", { "dependencies": { "node-gyp-build-optional-packages": "5.2.2" }, "optionalDependencies": { "@msgpackr-extract/msgpackr-extract-darwin-arm64": "3.0.3", "@msgpackr-extract/msgpackr-extract-darwin-x64": "3.0.3", "@msgpackr-extract/msgpackr-extract-linux-arm": "3.0.3", "@msgpackr-extract/msgpackr-extract-linux-arm64": "3.0.3", "@msgpackr-extract/msgpackr-extract-linux-x64": "3.0.3", "@msgpackr-extract/msgpackr-extract-win32-x64": "3.0.3" }, "bin": { "download-msgpackr-prebuilds": "bin/download-prebuilds.js" } }, "sha512-P0efT1C9jIdVRefqjzOQ9Xml57zpOXnIuS+csaB4MdZbTdmGDLo8XhzBG1N7aO11gKDDkJvBLULeFTo46wwreA=="],

    "multipasta": ["multipasta@0.2.7", "https://bnpm.byted.org/multipasta/-/multipasta-0.2.7.tgz#fa8fb38be65eb951fa57cad9e8e758107946eee9", {}, "sha512-KPA58d68KgGil15oDqXjkUBEBYc00XvbPj5/X+dyzeo/lWm9Nc25pQRlf1D+gv4OpK7NM0J1odrbu9JNNGvynA=="],

    "node-gyp-build-optional-packages": ["node-gyp-build-optional-packages@5.2.2", "https://bnpm.byted.org/node-gyp-build-optional-packages/-/node-gyp-build-optional-packages-5.2.2.tgz#522f50c2d53134d7f3a76cd7255de4ab6c96a3a4", { "dependencies": { "detect-libc": "^2.0.1" }, "bin": { "node-gyp-build-optional-packages": "bin.js", "node-gyp-build-optional-packages-optional": "optional.js", "node-gyp-build-optional-packages-test": "build-test.js" } }, "sha512-s+w+rBWnpTMwSFbaE0UXsRlg7hU4FjekKU4eyAih5T8nJuNZT1nNsskXpxmeqSK9UzkBl6UgRlnKc8hz8IEqOw=="],

    "node-html-parser": ["node-html-parser@6.1.13", "https://bnpm.byted.org/node-html-parser/-/node-html-parser-6.1.13.tgz", { "dependencies": { "css-select": "^5.1.0", "he": "1.2.0" } }, "sha512-qIsTMOY4C/dAa5Q5vsobRpOOvPfC4pB61UVW2uSwZNUp0QU/jCekTal1vMmbO0DgdHeLUJpv/ARmDqErVxA3Sg=="],

    "nth-check": ["nth-check@2.1.1", "https://bnpm.byted.org/nth-check/-/nth-check-2.1.1.tgz", { "dependencies": { "boolbase": "^1.0.0" } }, "sha512-lqjrjmaOoAnWfMmBPL+XNnynZh2+swxiX3WUE0s4yEHI6m+AwrK2UZOimIRl3X/4QctVqS8AiZjFqyOGrMXb/w=="],

    "path-key": ["path-key@3.1.1", "https://bnpm.byted.org/path-key/-/path-key-3.1.1.tgz#581f6ade658cbba65a0d3380de7753295054f375", {}, "sha512-ojmeN0qd+y0jszEtoY48r0Peq5dwMEkIlCOu6Q5f41lfkswXuKtYrhgoTpLnyIcHm24Uhqx+5Tqm2InSwLhE6Q=="],

    "picomatch": ["picomatch@2.3.2", "https://bnpm.byted.org/picomatch/-/picomatch-2.3.2.tgz", {}, "sha512-V7+vQEJ06Z+c5tSye8S+nHUfI51xoXIXjHQ99cQtKUkQqqO1kO/KCJUfZXuB47h/YBlDhah2H3hdUGXn8ie0oA=="],

    "pure-rand": ["pure-rand@8.4.0", "https://bnpm.byted.org/pure-rand/-/pure-rand-8.4.0.tgz#1d9e26e9c0555486e08ae300d02796af8dec1cd0", {}, "sha512-IoM8YF/jY0hiugFo/wOWqfmarlE6J0wc6fDK1PhftMk7MGhVZl88sZimmqBBFomLOCSmcCCpsfj7wXASCpvK9A=="],

    "regenerator-runtime": ["regenerator-runtime@0.13.11", "https://bnpm.byted.org/regenerator-runtime/-/regenerator-runtime-0.13.11.tgz", {}, "sha512-kY1AZVr2Ra+t+piVaJ4gxaFaReZVH40AKNo7UCX6W+dEwBo/2oZJzqfuN1qLq1oL45o56cPaTXELwrTh8Fpggg=="],

    "request-light": ["request-light@0.7.0", "https://bnpm.byted.org/request-light/-/request-light-0.7.0.tgz", {}, "sha512-lMbBMrDoxgsyO+yB3sDcrDuX85yYt7sS8BfQd11jtbW/z5ZWgLZRcEGLsLoYw7I0WSUGQBs8CC8ScIxkTX1+6Q=="],

    "semver": ["semver@7.7.4", "https://bnpm.byted.org/semver/-/semver-7.7.4.tgz", { "bin": { "semver": "bin/semver.js" } }, "sha512-vFKC2IEtQnVhpT78h1Yp8wzwrf8CM+MzKMHGJZfBtzhZNycRFnXsHk6E5TxIkkMsgNS7mdX3AGB7x2QM2di4lA=="],

    "shebang-command": ["shebang-command@2.0.0", "https://bnpm.byted.org/shebang-command/-/shebang-command-2.0.0.tgz#ccd0af4f8835fbdc265b82461aaf0c36663f34ea", { "dependencies": { "shebang-regex": "^3.0.0" } }, "sha512-kHxr2zZpYtdmrN1qDjrrX/Z1rR1kG8Dx+gkpK1G4eXmvXswmcE1hTWBWYUzlraYw1/yZp6YuDY77YtvbN0dmDA=="],

    "shebang-regex": ["shebang-regex@3.0.0", "https://bnpm.byted.org/shebang-regex/-/shebang-regex-3.0.0.tgz#ae16f1644d873ecad843b0307b143362d4c42172", {}, "sha512-7++dFhtcx3353uBaq8DDR4NuxBetBzC7ZQOhmTQInHEd6bSrXdiEyzCvG07Z44UYdLShWUyXt5M/yhz8ekcb1A=="],

    "toml": ["toml@4.1.1", "https://bnpm.byted.org/toml/-/toml-4.1.1.tgz#ab8248d0403ba2c02ffcf8515b42f0dcf0d6d1b5", {}, "sha512-EBJnVBr3dTXdA89WVFoAIPUqkBjxPMwRqsfuo1r240tKFHXv3zgca4+NJib/h6TyvGF7vOawz0jGuryJCdNHrw=="],

    "typescript": ["typescript@6.0.3", "https://bnpm.byted.org/typescript/-/typescript-6.0.3.tgz", { "bin": { "tsc": "bin/tsc", "tsserver": "bin/tsserver" } }, "sha512-y2TvuxSZPDyQakkFRPZHKFm+KKVqIisdg9/CZwm9ftvKXLP8NRWj38/ODjNbr43SsoXqNuAisEf1GdCxqWcdBw=="],

    "typescript-language-server": ["typescript-language-server@5.1.3", "https://bnpm.byted.org/typescript-language-server/-/typescript-language-server-5.1.3.tgz", { "bin": { "typescript-language-server": "lib/cli.mjs" } }, "sha512-r+pAcYtWdN8tKlYZPwiiHNA2QPjXnI02NrW5Sf2cVM3TRtuQ3V9EKKwOxqwaQ0krsaEXk/CbN90I5erBuf84Vg=="],

    "undici-types": ["undici-types@7.19.2", "https://bnpm.byted.org/undici-types/-/undici-types-7.19.2.tgz#1b67fc26d0f157a0cba3a58a5b5c1e2276b8ba2a", {}, "sha512-qYVnV5OEm2AW8cJMCpdV20CDyaN3g0AjDlOGf1OW4iaDEx8MwdtChUp4zu4H0VP3nDRF/8RKWH+IPp9uW0YGZg=="],

    "uuid": ["uuid@13.0.0", "https://bnpm.byted.org/uuid/-/uuid-13.0.0.tgz#263dc341b19b4d755eb8fe36b78d95a6b65707e8", { "bin": { "uuid": "dist-node/bin/uuid" } }, "sha512-XQegIaBTVUjSHliKqcnFqYypAd4S+WCYt5NIeRs6w/UAry7z8Y9j5ZwRRL4kzq9U3sD6v+85er9FvkEaBpji2w=="],

    "vscode-css-languageservice": ["vscode-css-languageservice@6.3.10", "https://bnpm.byted.org/vscode-css-languageservice/-/vscode-css-languageservice-6.3.10.tgz", { "dependencies": { "@vscode/l10n": "^0.0.18", "vscode-languageserver-textdocument": "^1.0.12", "vscode-languageserver-types": "3.17.5", "vscode-uri": "^3.1.0" } }, "sha512-eq5N9Er3fC4vA9zd9EFhyBG90wtCCuXgRSpAndaOgXMh1Wgep5lBgRIeDgjZBW9pa+332yC9+49cZMW8jcL3MA=="],

    "vscode-html-languageservice": ["vscode-html-languageservice@5.6.2", "https://bnpm.byted.org/vscode-html-languageservice/-/vscode-html-languageservice-5.6.2.tgz", { "dependencies": { "@vscode/l10n": "^0.0.18", "vscode-languageserver-textdocument": "^1.0.12", "vscode-languageserver-types": "^3.17.5", "vscode-uri": "^3.1.0" } }, "sha512-ulCrSnFnfQ16YzvwnYUgEbUEl/ZG7u2eV27YhvLObSHKkb8fw1Z9cgsnUwjTEeDIdJDoTDTDpxuhQwoenoLNMg=="],

    "vscode-json-languageservice": ["vscode-json-languageservice@5.7.2", "https://bnpm.byted.org/vscode-json-languageservice/-/vscode-json-languageservice-5.7.2.tgz", { "dependencies": { "@vscode/l10n": "^0.0.18", "jsonc-parser": "^3.3.1", "vscode-languageserver-textdocument": "^1.0.12", "vscode-languageserver-types": "^3.17.5", "vscode-uri": "^3.1.0" } }, "sha512-WtKRDtJfFEmLrgtu+ODexOHm/6/krRF0k6t+uvkKIKW1Jh9ZIyxZQwJJwB3qhrEgvAxa37zbUg+vn+UyUK/U2w=="],

    "vscode-jsonrpc": ["vscode-jsonrpc@8.2.1", "https://bnpm.byted.org/vscode-jsonrpc/-/vscode-jsonrpc-8.2.1.tgz#a322cc0f1d97f794ffd9c4cd2a898a0bde097f34", {}, "sha512-kdjOSJ2lLIn7r1rtrMbbNCHjyMPfRnowdKjBQ+mGq6NAW5QY2bEZC/khaC5OR8svbbjvLEaIXkOq45e2X9BIbQ=="],

    "vscode-langservers-extracted": ["vscode-langservers-extracted@4.10.0", "https://bnpm.byted.org/vscode-langservers-extracted/-/vscode-langservers-extracted-4.10.0.tgz", { "dependencies": { "@vscode/l10n": "^0.0.18", "core-js": "^3.20.1", "jsonc-parser": "^3.2.1", "regenerator-runtime": "^0.13.9", "request-light": "^0.7.0", "semver": "^7.6.1", "typescript": "^4.0.5", "vscode-css-languageservice": "^6.2.14", "vscode-html-languageservice": "^5.2.0", "vscode-json-languageservice": "^5.3.11", "vscode-languageserver": "^10.0.0-next.3", "vscode-languageserver-textdocument": "^1.0.11", "vscode-languageserver-types": "^3.17.5", "vscode-markdown-languageservice": "^0.5.0-alpha.6", "vscode-nls": "^5.2.0", "vscode-uri": "^3.0.8" }, "bin": { "vscode-css-language-server": "bin/vscode-css-language-server", "vscode-eslint-language-server": "bin/vscode-eslint-language-server", "vscode-html-language-server": "bin/vscode-html-language-server", "vscode-json-language-server": "bin/vscode-json-language-server", "vscode-markdown-language-server": "bin/vscode-markdown-language-server" } }, "sha512-EFf9uQI4dAKbzMQFjDvVm1xJq1DXAQvBEuEfPGrK/xzfsL5xWTfIuRr90NgfmqwO+IEt6vLZm9EOj6R66xIifg=="],

    "vscode-languageserver": ["vscode-languageserver@10.0.0-next.17", "https://bnpm.byted.org/vscode-languageserver/-/vscode-languageserver-10.0.0-next.17.tgz", { "dependencies": { "vscode-languageserver-protocol": "3.17.6-next.17" }, "bin": { "installServerIntoExtension": "bin/installServerIntoExtension" } }, "sha512-/bwO/E3RUzIkQ1BQ70gcLdZeM8xvK0JS7gMvtug7yiH0dzTjciqqQTUh3H9NEXsqYEjLzGwiXgRUkt6Z8fQV0Q=="],

    "vscode-languageserver-protocol": ["vscode-languageserver-protocol@3.17.6-next.17", "https://bnpm.byted.org/vscode-languageserver-protocol/-/vscode-languageserver-protocol-3.17.6-next.17.tgz", { "dependencies": { "vscode-jsonrpc": "9.0.0-next.11", "vscode-languageserver-types": "3.17.6-next.6" } }, "sha512-HW72YcFsuckfK6oPVuysRXhKiIFJoUvXgspPHvCMWpwe2x9aq2oGZDUSvKx4m/qUGB27+iu8ijAxsFlljYl2IQ=="],

    "vscode-languageserver-textdocument": ["vscode-languageserver-textdocument@1.0.12", "https://bnpm.byted.org/vscode-languageserver-textdocument/-/vscode-languageserver-textdocument-1.0.12.tgz", {}, "sha512-cxWNPesCnQCcMPeenjKKsOCKQZ/L6Tv19DTRIGuLWe32lyzWhihGVJ/rcckZXJxfdKCFvRLS3fpBIsV/ZGX4zA=="],

    "vscode-languageserver-types": ["vscode-languageserver-types@3.17.5", "https://bnpm.byted.org/vscode-languageserver-types/-/vscode-languageserver-types-3.17.5.tgz", {}, "sha512-Ld1VelNuX9pdF39h2Hgaeb5hEZM2Z3jUrrMgWQAu82jMtZp7p3vJT3BzToKtZI7NgQssZje5o0zryOrhQvzQAg=="],

    "vscode-markdown-languageservice": ["vscode-markdown-languageservice@0.5.0-alpha.11", "https://bnpm.byted.org/vscode-markdown-languageservice/-/vscode-markdown-languageservice-0.5.0-alpha.11.tgz", { "dependencies": { "@vscode/l10n": "^0.0.10", "node-html-parser": "^6.1.5", "picomatch": "^2.3.1", "vscode-languageserver-protocol": "^3.17.1", "vscode-languageserver-textdocument": "^1.0.11", "vscode-uri": "^3.0.7" } }, "sha512-P1uBMAD5iylgpcweWCU1kQwk8SZngktnljXsZk1vFPorXv1mrEI7BkBpOUU0fhVssKgvFlCNLkI7KmwZLC7pdA=="],

    "vscode-nls": ["vscode-nls@5.2.0", "https://bnpm.byted.org/vscode-nls/-/vscode-nls-5.2.0.tgz", {}, "sha512-RAaHx7B14ZU04EU31pT+rKz2/zSl7xMsfIZuo8pd+KZO6PXtQmpevpq3vxvWNcrGbdmhM/rr5Uw5Mz+NBfhVng=="],

    "vscode-uri": ["vscode-uri@3.1.0", "https://bnpm.byted.org/vscode-uri/-/vscode-uri-3.1.0.tgz", {}, "sha512-/BpdSx+yCQGnCvecbyXdxHDkuk55/G3xwnC0GqY4gmQ3j+A+g8kzzgB4Nk/SINjqn6+waqw3EgbVF2QKExkRxQ=="],

    "which": ["which@2.0.2", "https://bnpm.byted.org/which/-/which-2.0.2.tgz#7c6a8dd0a636a0327e10b59c9286eee93f3f51b1", { "dependencies": { "isexe": "^2.0.0" }, "bin": { "node-which": "./bin/node-which" } }, "sha512-BLI3Tl1TW3Pvl70l3yq3Y64i+awpwXqsGBYWkkqMtnbXgrMD+yj7rhW0kuEDxzJaYXGjEW5ogapKNMEKNMjibA=="],

    "yaml": ["yaml@2.8.3", "https://bnpm.byted.org/yaml/-/yaml-2.8.3.tgz#a0d6bd2efb3dd03c59370223701834e60409bd7d", { "bin": { "yaml": "bin.mjs" } }, "sha512-AvbaCLOO2Otw/lW5bmh9d/WEdcDFdQp2Z2ZUH3pX9U2ihyUY0nvLv7J6TrWowklRGPYbB/IuIMfYgxaCPg5Bpg=="],

    "zod": ["zod@4.1.8", "https://bnpm.byted.org/zod/-/zod-4.1.8.tgz#54f024adc634dd185006a8415da2bdd495b9d92b", {}, "sha512-5R1P+WwQqmmMIEACyzSvo4JXHY5WiAFHRMg+zBZKgKS+Q1viRa0C1hmUKtHltoIFKtIdki3pRxkmpP74jnNYHQ=="],

    "vscode-langservers-extracted/typescript": ["typescript@4.9.5", "https://bnpm.byted.org/typescript/-/typescript-4.9.5.tgz", { "bin": { "tsc": "bin/tsc", "tsserver": "bin/tsserver" } }, "sha512-1FXk9E2Hm+QzZQ7z+McJiHL4NW1F2EzMu9Nq9i3zAaGqibafqYwCVU6WyWAuyQRRzOlxou8xZSyXLEN8oKj24g=="],

    "vscode-languageserver-protocol/vscode-jsonrpc": ["vscode-jsonrpc@9.0.0-next.11", "https://bnpm.byted.org/vscode-jsonrpc/-/vscode-jsonrpc-9.0.0-next.11.tgz", {}, "sha512-u6LElQNbSiE9OugEEmrUKwH6+8BpPz2S5MDHvQUqHL//I4Q8GPikKLOUf856UnbLkZdhxaPrExac1lA3XwpIPA=="],

    "vscode-languageserver-protocol/vscode-languageserver-types": ["vscode-languageserver-types@3.17.6-next.6", "https://bnpm.byted.org/vscode-languageserver-types/-/vscode-languageserver-types-3.17.6-next.6.tgz", {}, "sha512-aiJY5/yW+xzw7KPNlwi3gQtddq/3EIn5z8X8nCgJfaiAij2R1APKePngv+MUdLdYJBVTLu+Qa0ODsT+pHgYguQ=="],

    "vscode-markdown-languageservice/@vscode/l10n": ["@vscode/l10n@0.0.10", "https://bnpm.byted.org/@vscode/l10n/-/l10n-0.0.10.tgz", {}, "sha512-E1OCmDcDWa0Ya7vtSjp/XfHFGqYJfh+YPC1RkATU71fTac+j1JjCcB3qwSzmlKAighx2WxhLlfhS0RwAN++PFQ=="],

    "vscode-markdown-languageservice/vscode-languageserver-protocol": ["vscode-languageserver-protocol@3.17.5", "https://bnpm.byted.org/vscode-languageserver-protocol/-/vscode-languageserver-protocol-3.17.5.tgz", { "dependencies": { "vscode-jsonrpc": "8.2.0", "vscode-languageserver-types": "3.17.5" } }, "sha512-mb1bvRJN8SVznADSGWM9u/b07H7Ecg0I3OgXDuLdn307rl/J3A9YD6/eYOssqhecL27hK1IPZAsaqh00i/Jljg=="],

    "vscode-markdown-languageservice/vscode-languageserver-protocol/vscode-jsonrpc": ["vscode-jsonrpc@8.2.0", "https://bnpm.byted.org/vscode-jsonrpc/-/vscode-jsonrpc-8.2.0.tgz", {}, "sha512-C+r0eKJUIfiDIfwJhria30+TYWPtuHJXHtI7J0YlOmKAo7ogxP20T0zxB7HZQIFhIyvoBPwWskjxrvAtfjyZfA=="],
  }
}
