lockfileVersion: '9.0'

settings:
  autoInstallPeers: true
  excludeLinksFromLockfile: false

importers:

  .:
    dependencies:
      '@opencode-ai/plugin':
        specifier: ^1.4.0
        version: 1.14.19
      vscode-jsonrpc:
        specifier: ^8.2.0
        version: 8.2.1
    devDependencies:
      bun-types:
        specifier: 1.3.11
        version: 1.3.11
      typescript:
        specifier: ^6.0.3
        version: 6.0.3
      typescript-language-server:
        specifier: ^5.1.3
        version: 5.1.3
      vscode-langservers-extracted:
        specifier: ^4.10.0
        version: 4.10.0

packages:

  '@msgpackr-extract/msgpackr-extract-darwin-arm64@3.0.3':
    resolution: {integrity: sha512-QZHtlVgbAdy2zAqNA9Gu1UpIuI8Xvsd1v8ic6B2pZmeFnFcMWiPLfWXh7TVw4eGEZ/C9TH281KwhVoeQUKbyjw==}
    cpu: [arm64]
    os: [darwin]

  '@msgpackr-extract/msgpackr-extract-darwin-x64@3.0.3':
    resolution: {integrity: sha512-mdzd3AVzYKuUmiWOQ8GNhl64/IoFGol569zNRdkLReh6LRLHOXxU4U8eq0JwaD8iFHdVGqSy4IjFL4reoWCDFw==}
    cpu: [x64]
    os: [darwin]

  '@msgpackr-extract/msgpackr-extract-linux-arm64@3.0.3':
    resolution: {integrity: sha512-YxQL+ax0XqBJDZiKimS2XQaf+2wDGVa1enVRGzEvLLVFeqa5kx2bWbtcSXgsxjQB7nRqqIGFIcLteF/sHeVtQg==}
    cpu: [arm64]
    os: [linux]

  '@msgpackr-extract/msgpackr-extract-linux-arm@3.0.3':
    resolution: {integrity: sha512-fg0uy/dG/nZEXfYilKoRe7yALaNmHoYeIoJuJ7KJ+YyU2bvY8vPv27f7UKhGRpY6euFYqEVhxCFZgAUNQBM3nw==}
    cpu: [arm]
    os: [linux]

  '@msgpackr-extract/msgpackr-extract-linux-x64@3.0.3':
    resolution: {integrity: sha512-cvwNfbP07pKUfq1uH+S6KJ7dT9K8WOE4ZiAcsrSes+UY55E/0jLYc+vq+DO7jlmqRb5zAggExKm0H7O/CBaesg==}
    cpu: [x64]
    os: [linux]

  '@msgpackr-extract/msgpackr-extract-win32-x64@3.0.3':
    resolution: {integrity: sha512-x0fWaQtYp4E6sktbsdAqnehxDgEc/VwM7uLsRCYWaiGu0ykYdZPiS8zCWdnjHwyiumousxfBm4SO31eXqwEZhQ==}
    cpu: [x64]
    os: [win32]

  '@opencode-ai/plugin@1.14.19':
    resolution: {integrity: sha512-g0C8Viocybmet7nBqJK/1xrQnacRS1f30VmqRTPScPmWz+4knIZzc2TEQp8+920sN8rB6BuoGwfBUVRXJmavhQ==}
    peerDependencies:
      '@opentui/core': '>=0.1.101'
      '@opentui/solid': '>=0.1.101'
    peerDependenciesMeta:
      '@opentui/core':
        optional: true
      '@opentui/solid':
        optional: true

  '@opencode-ai/sdk@1.14.19':
    resolution: {integrity: sha512-9sTGsi8/HlBBeaWfsUjdJ2yi/SqpRvqSld0IFXc3ldaPb1w1uIPvgCGzhlHYQtqatXxSaX5lTN7zpudMaE21aw==}

  '@standard-schema/spec@1.1.0':
    resolution: {integrity: sha512-l2aFy5jALhniG5HgqrD6jXLi/rUWrKvqN/qJx6yoJsgKhblVd+iqqU4RCXavm/jPityDo5TCvKMnpjKnOriy0w==}

  '@types/node@25.6.0':
    resolution: {integrity: sha512-+qIYRKdNYJwY3vRCZMdJbPLJAtGjQBudzZzdzwQYkEPQd+PJGixUL5QfvCLDaULoLv+RhT3LDkwEfKaAkgSmNQ==}

  '@vscode/l10n@0.0.10':
    resolution: {integrity: sha512-E1OCmDcDWa0Ya7vtSjp/XfHFGqYJfh+YPC1RkATU71fTac+j1JjCcB3qwSzmlKAighx2WxhLlfhS0RwAN++PFQ==}

  '@vscode/l10n@0.0.18':
    resolution: {integrity: sha512-KYSIHVmslkaCDyw013pphY+d7x1qV8IZupYfeIfzNA+nsaWHbn5uPuQRvdRFsa9zFzGeudPuoGoZ1Op4jrJXIQ==}

  boolbase@1.0.0:
    resolution: {integrity: sha512-JZOSA7Mo9sNGB8+UjSgzdLtokWAky1zbztM3WRLCbZ70/3cTANmQmOdR7y2g+J0e2WXywy1yS468tY+IruqEww==}

  bun-types@1.3.11:
    resolution: {integrity: sha512-1KGPpoxQWl9f6wcZh57LvrPIInQMn2TQ7jsgxqpRzg+l0QPOFvJVH7HmvHo/AiPgwXy+/Thf6Ov3EdVn1vOabg==}

  core-js@3.49.0:
    resolution: {integrity: sha512-es1U2+YTtzpwkxVLwAFdSpaIMyQaq0PBgm3YD1W3Qpsn1NAmO3KSgZfu+oGSWVu6NvLHoHCV/aYcsE5wiB7ALg==}

  cross-spawn@7.0.6:
    resolution: {integrity: sha512-uV2QOWP2nWzsy2aMp8aRibhi9dlzF5Hgh5SHaB9OiTGEyDTiJJyx0uy51QXdyWbtAHNua4XJzUKca3OzKUd3vA==}
    engines: {node: '>= 8'}

  css-select@5.2.2:
    resolution: {integrity: sha512-TizTzUddG/xYLA3NXodFM0fSbNizXjOKhqiQQwvhlspadZokn1KDy0NZFS0wuEubIYAV5/c1/lAr0TaaFXEXzw==}

  css-what@6.2.2:
    resolution: {integrity: sha512-u/O3vwbptzhMs3L1fQE82ZSLHQQfto5gyZzwteVIEyeaY5Fc7R4dapF/BvRoSYFeqfBk4m0V1Vafq5Pjv25wvA==}
    engines: {node: '>= 6'}

  detect-libc@2.1.2:
    resolution: {integrity: sha512-Btj2BOOO83o3WyH59e8MgXsxEQVcarkUOpEYrubB0urwnN10yQ364rsiByU11nZlqWYZm05i/of7io4mzihBtQ==}
    engines: {node: '>=8'}

  dom-serializer@2.0.0:
    resolution: {integrity: sha512-wIkAryiqt/nV5EQKqQpo3SToSOV9J0DnbJqwK7Wv/Trc92zIAYZ4FlMu+JPFW1DfGFt81ZTCGgDEabffXeLyJg==}

  domelementtype@2.3.0:
    resolution: {integrity: sha512-OLETBj6w0OsagBwdXnPdN0cnMfF9opN69co+7ZrbfPGrdpPVNBUj02spi6B1N7wChLQiPn4CSH/zJvXw56gmHw==}

  domhandler@5.0.3:
    resolution: {integrity: sha512-cgwlv/1iFQiFnU96XXgROh8xTeetsnJiDsTc7TYCLFd9+/WNkIqPTxiM/8pSd8VIrhXGTf1Ny1q1hquVqDJB5w==}
    engines: {node: '>= 4'}

  domutils@3.2.2:
    resolution: {integrity: sha512-6kZKyUajlDuqlHKVX1w7gyslj9MPIXzIFiz/rGu35uC1wMi+kMhQwGhl4lt9unC9Vb9INnY9Z3/ZA3+FhASLaw==}

  effect@4.0.0-beta.48:
    resolution: {integrity: sha512-MMAM/ZabuNdNmgXiin+BAanQXK7qM8mlt7nfXDoJ/Gn9V8i89JlCq+2N0AiWmqFLXjGLA0u3FjiOjSOYQk5uMw==}

  entities@4.5.0:
    resolution: {integrity: sha512-V0hjH4dGPh9Ao5p0MoRY6BVqtwCjhz6vI5LT8AJ55H+4g9/4vbHx1I54fS0XuclLhDHArPQCiMjDxjaL8fPxhw==}
    engines: {node: '>=0.12'}

  fast-check@4.7.0:
    resolution: {integrity: sha512-NsZRtqvSSoCP0HbNjUD+r1JH8zqZalyp6gLY9e7OYs7NK9b6AHOs2baBFeBG7bVNsuoukh89x2Yg3rPsul8ziQ==}
    engines: {node: '>=12.17.0'}

  find-my-way-ts@0.1.6:
    resolution: {integrity: sha512-a85L9ZoXtNAey3Y6Z+eBWW658kO/MwR7zIafkIUPUMf3isZG0NCs2pjW2wtjxAKuJPxMAsHUIP4ZPGv0o5gyTA==}

  he@1.2.0:
    resolution: {integrity: sha512-F/1DnUGPopORZi0ni+CvrCgHQ5FyEAHRLSApuYWMmrbSwoN2Mn/7k+Gl38gJnR7yyDZk6WLXwiGod1JOWNDKGw==}
    hasBin: true

  ini@6.0.0:
    resolution: {integrity: sha512-IBTdIkzZNOpqm7q3dRqJvMaldXjDHWkEDfrwGEQTs5eaQMWV+djAhR+wahyNNMAa+qpbDUhBMVt4ZKNwpPm7xQ==}
    engines: {node: ^20.17.0 || >=22.9.0}

  isexe@2.0.0:
    resolution: {integrity: sha512-RHxMLp9lnKHGHRng9QFhRCMbYAcVpn69smSGcq3f36xjgVVWThj4qqLbTLlq7Ssj8B+fIQ1EuCEGI2lKsyQeIw==}

  jsonc-parser@3.3.1:
    resolution: {integrity: sha512-HUgH65KyejrUFPvHFPbqOY0rsFip3Bo5wb4ngvdi1EpCYWUQDC5V+Y7mZws+DLkr4M//zQJoanu1SP+87Dv1oQ==}

  kubernetes-types@1.30.0:
    resolution: {integrity: sha512-Dew1okvhM/SQcIa2rcgujNndZwU8VnSapDgdxlYoB84ZlpAD43U6KLAFqYo17ykSFGHNPrg0qry0bP+GJd9v7Q==}

  msgpackr-extract@3.0.3:
    resolution: {integrity: sha512-P0efT1C9jIdVRefqjzOQ9Xml57zpOXnIuS+csaB4MdZbTdmGDLo8XhzBG1N7aO11gKDDkJvBLULeFTo46wwreA==}
    hasBin: true

  msgpackr@1.11.10:
    resolution: {integrity: sha512-iCZNq+HszvF+fC3anCm4nBmWEnbeIAfpDs6IStAEKhQ2YSgkjzVG2FF9XJqwwQh5bH3N9OUTUt4QwVN6MLMLtA==}

  multipasta@0.2.7:
    resolution: {integrity: sha512-KPA58d68KgGil15oDqXjkUBEBYc00XvbPj5/X+dyzeo/lWm9Nc25pQRlf1D+gv4OpK7NM0J1odrbu9JNNGvynA==}

  node-gyp-build-optional-packages@5.2.2:
    resolution: {integrity: sha512-s+w+rBWnpTMwSFbaE0UXsRlg7hU4FjekKU4eyAih5T8nJuNZT1nNsskXpxmeqSK9UzkBl6UgRlnKc8hz8IEqOw==}
    hasBin: true

  node-html-parser@6.1.13:
    resolution: {integrity: sha512-qIsTMOY4C/dAa5Q5vsobRpOOvPfC4pB61UVW2uSwZNUp0QU/jCekTal1vMmbO0DgdHeLUJpv/ARmDqErVxA3Sg==}

  nth-check@2.1.1:
    resolution: {integrity: sha512-lqjrjmaOoAnWfMmBPL+XNnynZh2+swxiX3WUE0s4yEHI6m+AwrK2UZOimIRl3X/4QctVqS8AiZjFqyOGrMXb/w==}

  path-key@3.1.1:
    resolution: {integrity: sha512-ojmeN0qd+y0jszEtoY48r0Peq5dwMEkIlCOu6Q5f41lfkswXuKtYrhgoTpLnyIcHm24Uhqx+5Tqm2InSwLhE6Q==}
    engines: {node: '>=8'}

  picomatch@2.3.2:
    resolution: {integrity: sha512-V7+vQEJ06Z+c5tSye8S+nHUfI51xoXIXjHQ99cQtKUkQqqO1kO/KCJUfZXuB47h/YBlDhah2H3hdUGXn8ie0oA==}
    engines: {node: '>=8.6'}

  pure-rand@8.4.0:
    resolution: {integrity: sha512-IoM8YF/jY0hiugFo/wOWqfmarlE6J0wc6fDK1PhftMk7MGhVZl88sZimmqBBFomLOCSmcCCpsfj7wXASCpvK9A==}

  regenerator-runtime@0.13.11:
    resolution: {integrity: sha512-kY1AZVr2Ra+t+piVaJ4gxaFaReZVH40AKNo7UCX6W+dEwBo/2oZJzqfuN1qLq1oL45o56cPaTXELwrTh8Fpggg==}

  request-light@0.7.0:
    resolution: {integrity: sha512-lMbBMrDoxgsyO+yB3sDcrDuX85yYt7sS8BfQd11jtbW/z5ZWgLZRcEGLsLoYw7I0WSUGQBs8CC8ScIxkTX1+6Q==}

  semver@7.7.4:
    resolution: {integrity: sha512-vFKC2IEtQnVhpT78h1Yp8wzwrf8CM+MzKMHGJZfBtzhZNycRFnXsHk6E5TxIkkMsgNS7mdX3AGB7x2QM2di4lA==}
    engines: {node: '>=10'}
    hasBin: true

  shebang-command@2.0.0:
    resolution: {integrity: sha512-kHxr2zZpYtdmrN1qDjrrX/Z1rR1kG8Dx+gkpK1G4eXmvXswmcE1hTWBWYUzlraYw1/yZp6YuDY77YtvbN0dmDA==}
    engines: {node: '>=8'}

  shebang-regex@3.0.0:
    resolution: {integrity: sha512-7++dFhtcx3353uBaq8DDR4NuxBetBzC7ZQOhmTQInHEd6bSrXdiEyzCvG07Z44UYdLShWUyXt5M/yhz8ekcb1A==}
    engines: {node: '>=8'}

  toml@4.1.1:
    resolution: {integrity: sha512-EBJnVBr3dTXdA89WVFoAIPUqkBjxPMwRqsfuo1r240tKFHXv3zgca4+NJib/h6TyvGF7vOawz0jGuryJCdNHrw==}
    engines: {node: '>=20'}

  typescript-language-server@5.1.3:
    resolution: {integrity: sha512-r+pAcYtWdN8tKlYZPwiiHNA2QPjXnI02NrW5Sf2cVM3TRtuQ3V9EKKwOxqwaQ0krsaEXk/CbN90I5erBuf84Vg==}
    engines: {node: '>=20'}
    hasBin: true

  typescript@4.9.5:
    resolution: {integrity: sha512-1FXk9E2Hm+QzZQ7z+McJiHL4NW1F2EzMu9Nq9i3zAaGqibafqYwCVU6WyWAuyQRRzOlxou8xZSyXLEN8oKj24g==}
    engines: {node: '>=4.2.0'}
    hasBin: true

  typescript@6.0.3:
    resolution: {integrity: sha512-y2TvuxSZPDyQakkFRPZHKFm+KKVqIisdg9/CZwm9ftvKXLP8NRWj38/ODjNbr43SsoXqNuAisEf1GdCxqWcdBw==}
    engines: {node: '>=14.17'}
    hasBin: true

  undici-types@7.19.2:
    resolution: {integrity: sha512-qYVnV5OEm2AW8cJMCpdV20CDyaN3g0AjDlOGf1OW4iaDEx8MwdtChUp4zu4H0VP3nDRF/8RKWH+IPp9uW0YGZg==}

  uuid@13.0.0:
    resolution: {integrity: sha512-XQegIaBTVUjSHliKqcnFqYypAd4S+WCYt5NIeRs6w/UAry7z8Y9j5ZwRRL4kzq9U3sD6v+85er9FvkEaBpji2w==}
    hasBin: true

  vscode-css-languageservice@6.3.10:
    resolution: {integrity: sha512-eq5N9Er3fC4vA9zd9EFhyBG90wtCCuXgRSpAndaOgXMh1Wgep5lBgRIeDgjZBW9pa+332yC9+49cZMW8jcL3MA==}

  vscode-html-languageservice@5.6.2:
    resolution: {integrity: sha512-ulCrSnFnfQ16YzvwnYUgEbUEl/ZG7u2eV27YhvLObSHKkb8fw1Z9cgsnUwjTEeDIdJDoTDTDpxuhQwoenoLNMg==}

  vscode-json-languageservice@5.7.2:
    resolution: {integrity: sha512-WtKRDtJfFEmLrgtu+ODexOHm/6/krRF0k6t+uvkKIKW1Jh9ZIyxZQwJJwB3qhrEgvAxa37zbUg+vn+UyUK/U2w==}

  vscode-jsonrpc@5.0.1:
    resolution: {integrity: sha512-JvONPptw3GAQGXlVV2utDcHx0BiY34FupW/kI6mZ5x06ER5DdPG/tXWMVHjTNULF5uKPOUUD0SaXg5QaubJL0A==}
    engines: {node: '>=8.0.0 || >=10.0.0'}

  vscode-jsonrpc@8.2.0:
    resolution: {integrity: sha512-C+r0eKJUIfiDIfwJhria30+TYWPtuHJXHtI7J0YlOmKAo7ogxP20T0zxB7HZQIFhIyvoBPwWskjxrvAtfjyZfA==}
    engines: {node: '>=14.0.0'}

  vscode-jsonrpc@8.2.1:
    resolution: {integrity: sha512-kdjOSJ2lLIn7r1rtrMbbNCHjyMPfRnowdKjBQ+mGq6NAW5QY2bEZC/khaC5OR8svbbjvLEaIXkOq45e2X9BIbQ==}
    engines: {node: '>=14.0.0'}

  vscode-jsonrpc@9.0.0-next.11:
    resolution: {integrity: sha512-u6LElQNbSiE9OugEEmrUKwH6+8BpPz2S5MDHvQUqHL//I4Q8GPikKLOUf856UnbLkZdhxaPrExac1lA3XwpIPA==}
    engines: {node: '>=14.0.0'}

  vscode-langservers-extracted@4.10.0:
    resolution: {integrity: sha512-EFf9uQI4dAKbzMQFjDvVm1xJq1DXAQvBEuEfPGrK/xzfsL5xWTfIuRr90NgfmqwO+IEt6vLZm9EOj6R66xIifg==}
    hasBin: true

  vscode-languageserver-protocol@3.17.5:
    resolution: {integrity: sha512-mb1bvRJN8SVznADSGWM9u/b07H7Ecg0I3OgXDuLdn307rl/J3A9YD6/eYOssqhecL27hK1IPZAsaqh00i/Jljg==}

  vscode-languageserver-protocol@3.17.6-next.17:
    resolution: {integrity: sha512-HW72YcFsuckfK6oPVuysRXhKiIFJoUvXgspPHvCMWpwe2x9aq2oGZDUSvKx4m/qUGB27+iu8ijAxsFlljYl2IQ==}

  vscode-languageserver-textdocument@1.0.12:
    resolution: {integrity: sha512-cxWNPesCnQCcMPeenjKKsOCKQZ/L6Tv19DTRIGuLWe32lyzWhihGVJ/rcckZXJxfdKCFvRLS3fpBIsV/ZGX4zA==}

  vscode-languageserver-types@3.17.5:
    resolution: {integrity: sha512-Ld1VelNuX9pdF39h2Hgaeb5hEZM2Z3jUrrMgWQAu82jMtZp7p3vJT3BzToKtZI7NgQssZje5o0zryOrhQvzQAg==}

  vscode-languageserver-types@3.17.6-next.6:
    resolution: {integrity: sha512-aiJY5/yW+xzw7KPNlwi3gQtddq/3EIn5z8X8nCgJfaiAij2R1APKePngv+MUdLdYJBVTLu+Qa0ODsT+pHgYguQ==}

  vscode-languageserver@10.0.0-next.17:
    resolution: {integrity: sha512-/bwO/E3RUzIkQ1BQ70gcLdZeM8xvK0JS7gMvtug7yiH0dzTjciqqQTUh3H9NEXsqYEjLzGwiXgRUkt6Z8fQV0Q==}
    hasBin: true

  vscode-markdown-languageservice@0.5.0-alpha.11:
    resolution: {integrity: sha512-P1uBMAD5iylgpcweWCU1kQwk8SZngktnljXsZk1vFPorXv1mrEI7BkBpOUU0fhVssKgvFlCNLkI7KmwZLC7pdA==}

  vscode-nls@5.2.0:
    resolution: {integrity: sha512-RAaHx7B14ZU04EU31pT+rKz2/zSl7xMsfIZuo8pd+KZO6PXtQmpevpq3vxvWNcrGbdmhM/rr5Uw5Mz+NBfhVng==}

  vscode-uri@3.1.0:
    resolution: {integrity: sha512-/BpdSx+yCQGnCvecbyXdxHDkuk55/G3xwnC0GqY4gmQ3j+A+g8kzzgB4Nk/SINjqn6+waqw3EgbVF2QKExkRxQ==}

  which@2.0.2:
    resolution: {integrity: sha512-BLI3Tl1TW3Pvl70l3yq3Y64i+awpwXqsGBYWkkqMtnbXgrMD+yj7rhW0kuEDxzJaYXGjEW5ogapKNMEKNMjibA==}
    engines: {node: '>= 8'}
    hasBin: true

  yaml@2.8.3:
    resolution: {integrity: sha512-AvbaCLOO2Otw/lW5bmh9d/WEdcDFdQp2Z2ZUH3pX9U2ihyUY0nvLv7J6TrWowklRGPYbB/IuIMfYgxaCPg5Bpg==}
    engines: {node: '>= 14.6'}
    hasBin: true

  zod@4.1.8:
    resolution: {integrity: sha512-5R1P+WwQqmmMIEACyzSvo4JXHY5WiAFHRMg+zBZKgKS+Q1viRa0C1hmUKtHltoIFKtIdki3pRxkmpP74jnNYHQ==}

snapshots:

  '@msgpackr-extract/msgpackr-extract-darwin-arm64@3.0.3':
    optional: true

  '@msgpackr-extract/msgpackr-extract-darwin-x64@3.0.3':
    optional: true

  '@msgpackr-extract/msgpackr-extract-linux-arm64@3.0.3':
    optional: true

  '@msgpackr-extract/msgpackr-extract-linux-arm@3.0.3':
    optional: true

  '@msgpackr-extract/msgpackr-extract-linux-x64@3.0.3':
    optional: true

  '@msgpackr-extract/msgpackr-extract-win32-x64@3.0.3':
    optional: true

  '@opencode-ai/plugin@1.14.19':
    dependencies:
      '@opencode-ai/sdk': 1.14.19
      effect: 4.0.0-beta.48
      zod: 4.1.8

  '@opencode-ai/sdk@1.14.19':
    dependencies:
      cross-spawn: 7.0.6

  '@standard-schema/spec@1.1.0': {}

  '@types/node@25.6.0':
    dependencies:
      undici-types: 7.19.2

  '@vscode/l10n@0.0.10': {}

  '@vscode/l10n@0.0.18': {}

  boolbase@1.0.0: {}

  bun-types@1.3.11:
    dependencies:
      '@types/node': 25.6.0

  core-js@3.49.0: {}

  cross-spawn@7.0.6:
    dependencies:
      path-key: 3.1.1
      shebang-command: 2.0.0
      which: 2.0.2

  css-select@5.2.2:
    dependencies:
      boolbase: 1.0.0
      css-what: 6.2.2
      domhandler: 5.0.3
      domutils: 3.2.2
      nth-check: 2.1.1

  css-what@6.2.2: {}

  detect-libc@2.1.2:
    optional: true

  dom-serializer@2.0.0:
    dependencies:
      domelementtype: 2.3.0
      domhandler: 5.0.3
      entities: 4.5.0

  domelementtype@2.3.0: {}

  domhandler@5.0.3:
    dependencies:
      domelementtype: 2.3.0

  domutils@3.2.2:
    dependencies:
      dom-serializer: 2.0.0
      domelementtype: 2.3.0
      domhandler: 5.0.3

  effect@4.0.0-beta.48:
    dependencies:
      '@standard-schema/spec': 1.1.0
      fast-check: 4.7.0
      find-my-way-ts: 0.1.6
      ini: 6.0.0
      kubernetes-types: 1.30.0
      msgpackr: 1.11.10
      multipasta: 0.2.7
      toml: 4.1.1
      uuid: 13.0.0
      yaml: 2.8.3

  entities@4.5.0: {}

  fast-check@4.7.0:
    dependencies:
      pure-rand: 8.4.0

  find-my-way-ts@0.1.6: {}

  he@1.2.0: {}

  ini@6.0.0: {}

  isexe@2.0.0: {}

  jsonc-parser@3.3.1: {}

  kubernetes-types@1.30.0: {}

  msgpackr-extract@3.0.3:
    dependencies:
      node-gyp-build-optional-packages: 5.2.2
    optionalDependencies:
      '@msgpackr-extract/msgpackr-extract-darwin-arm64': 3.0.3
      '@msgpackr-extract/msgpackr-extract-darwin-x64': 3.0.3
      '@msgpackr-extract/msgpackr-extract-linux-arm': 3.0.3
      '@msgpackr-extract/msgpackr-extract-linux-arm64': 3.0.3
      '@msgpackr-extract/msgpackr-extract-linux-x64': 3.0.3
      '@msgpackr-extract/msgpackr-extract-win32-x64': 3.0.3
    optional: true

  msgpackr@1.11.10:
    optionalDependencies:
      msgpackr-extract: 3.0.3

  multipasta@0.2.7: {}

  node-gyp-build-optional-packages@5.2.2:
    dependencies:
      detect-libc: 2.1.2
    optional: true

  node-html-parser@6.1.13:
    dependencies:
      css-select: 5.2.2
      he: 1.2.0

  nth-check@2.1.1:
    dependencies:
      boolbase: 1.0.0

  path-key@3.1.1: {}

  picomatch@2.3.2: {}

  pure-rand@8.4.0: {}

  regenerator-runtime@0.13.11: {}

  request-light@0.7.0: {}

  semver@7.7.4: {}

  shebang-command@2.0.0:
    dependencies:
      shebang-regex: 3.0.0

  shebang-regex@3.0.0: {}

  toml@4.1.1: {}

  typescript-language-server@5.1.3:
    dependencies:
      vscode-jsonrpc: 5.0.1
      vscode-languageserver-protocol: 3.17.5

  typescript@4.9.5: {}

  typescript@6.0.3: {}

  undici-types@7.19.2: {}

  uuid@13.0.0: {}

  vscode-css-languageservice@6.3.10:
    dependencies:
      '@vscode/l10n': 0.0.18
      vscode-languageserver-textdocument: 1.0.12
      vscode-languageserver-types: 3.17.5
      vscode-uri: 3.1.0

  vscode-html-languageservice@5.6.2:
    dependencies:
      '@vscode/l10n': 0.0.18
      vscode-languageserver-textdocument: 1.0.12
      vscode-languageserver-types: 3.17.5
      vscode-uri: 3.1.0

  vscode-json-languageservice@5.7.2:
    dependencies:
      '@vscode/l10n': 0.0.18
      jsonc-parser: 3.3.1
      vscode-languageserver-textdocument: 1.0.12
      vscode-languageserver-types: 3.17.5
      vscode-uri: 3.1.0

  vscode-jsonrpc@5.0.1: {}

  vscode-jsonrpc@8.2.0: {}

  vscode-jsonrpc@8.2.1: {}

  vscode-jsonrpc@9.0.0-next.11: {}

  vscode-langservers-extracted@4.10.0:
    dependencies:
      '@vscode/l10n': 0.0.18
      core-js: 3.49.0
      jsonc-parser: 3.3.1
      regenerator-runtime: 0.13.11
      request-light: 0.7.0
      semver: 7.7.4
      typescript: 4.9.5
      vscode-css-languageservice: 6.3.10
      vscode-html-languageservice: 5.6.2
      vscode-json-languageservice: 5.7.2
      vscode-languageserver: 10.0.0-next.17
      vscode-languageserver-textdocument: 1.0.12
      vscode-languageserver-types: 3.17.5
      vscode-markdown-languageservice: 0.5.0-alpha.11
      vscode-nls: 5.2.0
      vscode-uri: 3.1.0

  vscode-languageserver-protocol@3.17.5:
    dependencies:
      vscode-jsonrpc: 8.2.0
      vscode-languageserver-types: 3.17.5

  vscode-languageserver-protocol@3.17.6-next.17:
    dependencies:
      vscode-jsonrpc: 9.0.0-next.11
      vscode-languageserver-types: 3.17.6-next.6

  vscode-languageserver-textdocument@1.0.12: {}

  vscode-languageserver-types@3.17.5: {}

  vscode-languageserver-types@3.17.6-next.6: {}

  vscode-languageserver@10.0.0-next.17:
    dependencies:
      vscode-languageserver-protocol: 3.17.6-next.17

  vscode-markdown-languageservice@0.5.0-alpha.11:
    dependencies:
      '@vscode/l10n': 0.0.10
      node-html-parser: 6.1.13
      picomatch: 2.3.2
      vscode-languageserver-protocol: 3.17.5
      vscode-languageserver-textdocument: 1.0.12
      vscode-uri: 3.1.0

  vscode-nls@5.2.0: {}

  vscode-uri@3.1.0: {}

  which@2.0.2:
    dependencies:
      isexe: 2.0.0

  yaml@2.8.3: {}

  zod@4.1.8: {}
